
Microsoft Visual Studio Solution File, Format Version 12.00
# Visual Studio Version 17
VisualStudioVersion = 17.11.35327.3
MinimumVisualStudioVersion = 10.0.40219.1
Project("{888888A0-9F3D-457C-B088-3A5042F75D52}") = "Calculator2.0", "Calculator2.0\Calculator2.0.pyproj", "{4BFD0AF7-A6AE-4326-892A-8250F8F60CE4}"
EndProject
Global
	GlobalSection(SolutionConfigurationPlatforms) = preSolution
		Debug|Any CPU = Debug|Any CPU
		Release|Any CPU = Release|Any CPU
	EndGlobalSection
	GlobalSection(ProjectConfigurationPlatforms) = postSolution
		{4BFD0AF7-A6AE-4326-892A-8250F8F60CE4}.Debug|Any CPU.ActiveCfg = Debug|Any CPU
		{4BFD0AF7-A6AE-4326-892A-8250F8F60CE4}.Release|Any CPU.ActiveCfg = Release|Any CPU
	EndGlobalSection
	GlobalSection(SolutionProperties) = preSolution
		HideSolutionNode = FALSE
	EndGlobalSection
	GlobalSection(ExtensibilityGlobals) = postSolution
		SolutionGuid = {65D71279-0675-4F89-93C7-8E04DBDB3FC8}
	EndGlobalSection
EndGlobal
